// !$*UTF8*$!
{
	archiveVersion = 1;
	classes = {
	};
	objectVersion = 55;
	objects = {

/* Begin PBXBuildFile section */
		B8E976DD28FA4EAC005FEAB6 /* AppDelegate.swift in Sources */ = {isa = PBXBuildFile; fileRef = B8E976DC28FA4EAC005FEAB6 /* AppDelegate.swift */; };
		B8E976DF28FA4EAC005FEAB6 /* SceneDelegate.swift in Sources */ = {isa = PBXBuildFile; fileRef = B8E976DE28FA4EAC005FEAB6 /* SceneDelegate.swift */; };
		B8E976E128FA4EAC005FEAB6 /* ViewController.swift in Sources */ = {isa = PBXBuildFile; fileRef = B8E976E028FA4EAC005FEAB6 /* ViewController.swift */; };
		B8E976E628FA4EAE005FEAB6 /* Assets.xcassets in Resources */ = {isa = PBXBuildFile; fileRef = B8E976E528FA4EAE005FEAB6 /* Assets.xcassets */; };
		B8E976E928FA4EAE005FEAB6 /* LaunchScreen.storyboard in Resources */ = {isa = PBXBuildFile; fileRef = B8E976E728FA4EAE005FEAB6 /* LaunchScreen.storyboard */; };
		B8E976F428FA4EAE005FEAB6 /* ithaca_sustainabilityTests.swift in Sources */ = {isa = PBXBuildFile; fileRef = B8E976F328FA4EAE005FEAB6 /* ithaca_sustainabilityTests.swift */; };
		B8E976FE28FA4EAE005FEAB6 /* ithaca_sustainabilityUITests.swift in Sources */ = {isa = PBXBuildFile; fileRef = B8E976FD28FA4EAE005FEAB6 /* ithaca_sustainabilityUITests.swift */; };
		B8E9770028FA4EAE005FEAB6 /* ithaca_sustainabilityUITestsLaunchTests.swift in Sources */ = {isa = PBXBuildFile; fileRef = B8E976FF28FA4EAE005FEAB6 /* ithaca_sustainabilityUITestsLaunchTests.swift */; };
/* End PBXBuildFile section */

/* Begin PBXContainerItemProxy section */
		B8E976F028FA4EAE005FEAB6 /* PBXContainerItemProxy */ = {
			isa = PBXContainerItemProxy;
			containerPortal = B8E976D128FA4EAC005FEAB6 /* Project object */;
			proxyType = 1;
			remoteGlobalIDString = B8E976D828FA4EAC005FEAB6;
			remoteInfo = "ithaca sustainability";
		};
		B8E976FA28FA4EAE005FEAB6 /* PBXContainerItemProxy */ = {
			isa = PBXContainerItemProxy;
			containerPortal = B8E976D128FA4EAC005FEAB6 /* Project object */;
			proxyType = 1;
			remoteGlobalIDString = B8E976D828FA4EAC005FEAB6;
			remoteInfo = "ithaca sustainability";
		};
/* End PBXContainerItemProxy section */

/* Begin PBXFileReference section */
		B8E976D928FA4EAC005FEAB6 /* ithaca sustainability.app */ = {isa = PBXFileReference; explicitFileType = wrapper.application; includeInIndex = 0; path = "ithaca sustainability.app"; sourceTree = BUILT_PRODUCTS_DIR; };
		B8E976DC28FA4EAC005FEAB6 /* AppDelegate.swift */ = {isa = PBXFileReference; lastKnownFileType = sourcecode.swift; path = AppDelegate.swift; sourceTree = "<group>"; };
		B8E976DE28FA4EAC005FEAB6 /* SceneDelegate.swift */ = {isa = PBXFileReference; lastKnownFileType = sourcecode.swift; path = SceneDelegate.swift; sourceTree = "<group>"; };
		B8E976E028FA4EAC005FEAB6 /* ViewController.swift */ = {isa = PBXFileReference; lastKnownFileType = sourcecode.swift; path = ViewController.swift; sourceTree = "<group>"; };
		B8E976E528FA4EAE005FEAB6 /* Assets.xcassets */ = {isa = PBXFileReference; lastKnownFileType = folder.assetcatalog; path = Assets.xcassets; sourceTree = "<group>"; };
		B8E976E828FA4EAE005FEAB6 /* Base */ = {isa = PBXFileReference; lastKnownFileType = file.storyboard; name = Base; path = Base.lproj/LaunchScreen.storyboard; sourceTree = "<group>"; };
		B8E976EA28FA4EAE005FEAB6 /* Info.plist */ = {isa = PBXFileReference; lastKnownFileType = text.plist.xml; path = Info.plist; sourceTree = "<group>"; };
		B8E976EF28FA4EAE005FEAB6 /* ithaca sustainabilityTests.xctest */ = {isa = PBXFileReference; explicitFileType = wrapper.cfbundle; includeInIndex = 0; path = "ithaca sustainabilityTests.xctest"; sourceTree = BUILT_PRODUCTS_DIR; };
		B8E976F328FA4EAE005FEAB6 /* ithaca_sustainabilityTests.swift */ = {isa = PBXFileReference; lastKnownFileType = sourcecode.swift; path = ithaca_sustainabilityTests.swift; sourceTree = "<group>"; };
		B8E976F928FA4EAE005FEAB6 /* ithaca sustainabilityUITests.xctest */ = {isa = PBXFileReference; explicitFileType = wrapper.cfbundle; includeInIndex = 0; path = "ithaca sustainabilityUITests.xctest"; sourceTree = BUILT_PRODUCTS_DIR; };
		B8E976FD28FA4EAE005FEAB6 /* ithaca_sustainabilityUITests.swift */ = {isa = PBXFileReference; lastKnownFileType = sourcecode.swift; path = ithaca_sustainabilityUITests.swift; sourceTree = "<group>"; };
		B8E976FF28FA4EAE005FEAB6 /* ithaca_sustainabilityUITestsLaunchTests.swift */ = {isa = PBXFileReference; lastKnownFileType = sourcecode.swift; path = ithaca_sustainabilityUITestsLaunchTests.swift; sourceTree = "<group>"; };
/* End PBXFileReference section */

/* Begin PBXFrameworksBuildPhase section */
		B8E976D628FA4EAC005FEAB6 /* Frameworks */ = {
			isa = PBXFrameworksBuildPhase;
			buildActionMask = 2147483647;
			files = (
			);
			runOnlyForDeploymentPostprocessing = 0;
		};
		B8E976EC28FA4EAE005FEAB6 /* Frameworks */ = {
			isa = PBXFrameworksBuildPhase;
			buildActionMask = 2147483647;
			files = (
			);
			runOnlyForDeploymentPostprocessing = 0;
		};
		B8E976F628FA4EAE005FEAB6 /* Frameworks */ = {
			isa = PBXFrameworksBuildPhase;
			buildActionMask = 2147483647;
			files = (
			);
			runOnlyForDeploymentPostprocessing = 0;
		};
/* End PBXFrameworksBuildPhase section */

/* Begin PBXGroup section */
		B8E976D028FA4EAC005FEAB6 = {
			isa = PBXGroup;
			children = (
				B8E976DB28FA4EAC005FEAB6 /* ithaca sustainability */,
				B8E976F228FA4EAE005FEAB6 /* ithaca sustainabilityTests */,
				B8E976FC28FA4EAE005FEAB6 /* ithaca sustainabilityUITests */,
				B8E976DA28FA4EAC005FEAB6 /* Products */,
			);
			sourceTree = "<group>";
		};
		B8E976DA28FA4EAC005FEAB6 /* Products */ = {
			isa = PBXGroup;
			children = (
				B8E976D928FA4EAC005FEAB6 /* ithaca sustainability.app */,
				B8E976EF28FA4EAE005FEAB6 /* ithaca sustainabilityTests.xctest */,
				B8E976F928FA4EAE005FEAB6 /* ithaca sustainabilityUITests.xctest */,
			);
			name = Products;
			sourceTree = "<group>";
		};
		B8E976DB28FA4EAC005FEAB6 /* ithaca sustainability */ = {
			isa = PBXGroup;
			children = (
				B8E976DC28FA4EAC005FEAB6 /* AppDelegate.swift */,
				B8E976DE28FA4EAC005FEAB6 /* SceneDelegate.swift */,
				B8E976E028FA4EAC005FEAB6 /* ViewController.swift */,
				B8E976E528FA4EAE005FEAB6 /* Assets.xcassets */,
				B8E976E728FA4EAE005FEAB6 /* LaunchScreen.storyboard */,
				B8E976EA28FA4EAE005FEAB6 /* Info.plist */,
			);
			path = "ithaca sustainability";
			sourceTree = "<group>";
		};
		B8E976F228FA4EAE005FEAB6 /* ithaca sustainabilityTests */ = {
			isa = PBXGroup;
			children = (
				B8E976F328FA4EAE005FEAB6 /* ithaca_sustainabilityTests.swift */,
			);
			path = "ithaca sustainabilityTests";
			sourceTree = "<group>";
		};
		B8E976FC28FA4EAE005FEAB6 /* ithaca sustainabilityUITests */ = {
			isa = PBXGroup;
			children = (
				B8E976FD28FA4EAE005FEAB6 /* ithaca_sustainabilityUITests.swift */,
				B8E976FF28FA4EAE005FEAB6 /* ithaca_sustainabilityUITestsLaunchTests.swift */,
			);
			path = "ithaca sustainabilityUITests";
			sourceTree = "<group>";
		};
/* End PBXGroup section */

/* Begin PBXNativeTarget section */
		B8E976D828FA4EAC005FEAB6 /* ithaca sustainability */ = {
			isa = PBXNativeTarget;
			buildConfigurationList = B8E9770328FA4EAE005FEAB6 /* Build configuration list for PBXNativeTarget "ithaca sustainability" */;
			buildPhases = (
				B8E976D528FA4EAC005FEAB6 /* Sources */,
				B8E976D628FA4EAC005FEAB6 /* Frameworks */,
				B8E976D728FA4EAC005FEAB6 /* Resources */,
			);
			buildRules = (
			);
			dependencies = (
			);
			name = "ithaca sustainability";
			productName = "ithaca sustainability";
			productReference = B8E976D928FA4EAC005FEAB6 /* ithaca sustainability.app */;
			productType = "com.apple.product-type.application";
		};
		B8E976EE28FA4EAE005FEAB6 /* ithaca sustainabilityTests */ = {
			isa = PBXNativeTarget;
			buildConfigurationList = B8E9770628FA4EAE005FEAB6 /* Build configuration list for PBXNativeTarget "ithaca sustainabilityTests" */;
			buildPhases = (
				B8E976EB28FA4EAE005FEAB6 /* Sources */,
				B8E976EC28FA4EAE005FEAB6 /* Frameworks */,
				B8E976ED28FA4EAE005FEAB6 /* Resources */,
			);
			buildRules = (
			);
			dependencies = (
				B8E976F128FA4EAE005FEAB6 /* PBXTargetDependency */,
			);
			name = "ithaca sustainabilityTests";
			productName = "ithaca sustainabilityTests";
			productReference = B8E976EF28FA4EAE005FEAB6 /* ithaca sustainabilityTests.xctest */;
			productType = "com.apple.product-type.bundle.unit-test";
		};
		B8E976F828FA4EAE005FEAB6 /* ithaca sustainabilityUITests */ = {
			isa = PBXNativeTarget;
			buildConfigurationList = B8E9770928FA4EAE005FEAB6 /* Build configuration list for PBXNativeTarget "ithaca sustainabilityUITests" */;
			buildPhases = (
				B8E976F528FA4EAE005FEAB6 /* Sources */,
				B8E976F628FA4EAE005FEAB6 /* Frameworks */,
				B8E976F728FA4EAE005FEAB6 /* Resources */,
			);
			buildRules = (
			);
			dependencies = (
				B8E976FB28FA4EAE005FEAB6 /* PBXTargetDependency */,
			);
			name = "ithaca sustainabilityUITests";
			productName = "ithaca sustainabilityUITests";
			productReference = B8E976F928FA4EAE005FEAB6 /* ithaca sustainabilityUITests.xctest */;
			productType = "com.apple.product-type.bundle.ui-testing";
		};
/* End PBXNativeTarget section */

/* Begin PBXProject section */
		B8E976D128FA4EAC005FEAB6 /* Project object */ = {
			isa = PBXProject;
			attributes = {
				BuildIndependentTargetsInParallel = 1;
				LastSwiftUpdateCheck = 1320;
				LastUpgradeCheck = 1320;
				TargetAttributes = {
					B8E976D828FA4EAC005FEAB6 = {
						CreatedOnToolsVersion = 13.2.1;
					};
					B8E976EE28FA4EAE005FEAB6 = {
						CreatedOnToolsVersion = 13.2.1;
						TestTargetID = B8E976D828FA4EAC005FEAB6;
					};
					B8E976F828FA4EAE005FEAB6 = {
						CreatedOnToolsVersion = 13.2.1;
						TestTargetID = B8E976D828FA4EAC005FEAB6;
					};
				};
			};
			buildConfigurationList = B8E976D428FA4EAC005FEAB6 /* Build configuration list for PBXProject "ithaca sustainability" */;
			compatibilityVersion = "Xcode 13.0";
			developmentRegion = en;
			hasScannedForEncodings = 0;
			knownRegions = (
				en,
				Base,
			);
			mainGroup = B8E976D028FA4EAC005FEAB6;
			productRefGroup = B8E976DA28FA4EAC005FEAB6 /* Products */;
			projectDirPath = "";
			projectRoot = "";
			targets = (
				B8E976D828FA4EAC005FEAB6 /* ithaca sustainability */,
				B8E976EE28FA4EAE005FEAB6 /* ithaca sustainabilityTests */,
				B8E976F828FA4EAE005FEAB6 /* ithaca sustainabilityUITests */,
			);
		};
/* End PBXProject section */

/* Begin PBXResourcesBuildPhase section */
		B8E976D728FA4EAC005FEAB6 /* Resources */ = {
			isa = PBXResourcesBuildPhase;
			buildActionMask = 2147483647;
			files = (
				B8E976E928FA4EAE005FEAB6 /* LaunchScreen.storyboard in Resources */,
				B8E976E628FA4EAE005FEAB6 /* Assets.xcassets in Resources */,
			);
			runOnlyForDeploymentPostprocessing = 0;
		};
		B8E976ED28FA4EAE005FEAB6 /* Resources */ = {
			isa = PBXResourcesBuildPhase;
			buildActionMask = 2147483647;
			files = (
			);
			runOnlyForDeploymentPostprocessing = 0;
		};
		B8E976F728FA4EAE005FEAB6 /* Resources */ = {
			isa = PBXResourcesBuildPhase;
			buildActionMask = 2147483647;
			files = (
			);
			runOnlyForDeploymentPostprocessing = 0;
		};
/* End PBXResourcesBuildPhase section */

/* Begin PBXSourcesBuildPhase section */
		B8E976D528FA4EAC005FEAB6 /* Sources */ = {
			isa = PBXSourcesBuildPhase;
			buildActionMask = 2147483647;
			files = (
				B8E976E128FA4EAC005FEAB6 /* ViewController.swift in Sources */,
				B8E976DD28FA4EAC005FEAB6 /* AppDelegate.swift in Sources */,
				B8E976DF28FA4EAC005FEAB6 /* SceneDelegate.swift in Sources */,
			);
			runOnlyForDeploymentPostprocessing = 0;
		};
		B8E976EB28FA4EAE005FEAB6 /* Sources */ = {
			isa = PBXSourcesBuildPhase;
			buildActionMask = 2147483647;
			files = (
				B8E976F428FA4EAE005FEAB6 /* ithaca_sustainabilityTests.swift in Sources */,
			);
			runOnlyForDeploymentPostprocessing = 0;
		};
		B8E976F528FA4EAE005FEAB6 /* Sources */ = {
			isa = PBXSourcesBuildPhase;
			buildActionMask = 2147483647;
			files = (
				B8E976FE28FA4EAE005FEAB6 /* ithaca_sustainabilityUITests.swift in Sources */,
				B8E9770028FA4EAE005FEAB6 /* ithaca_sustainabilityUITestsLaunchTests.swift in Sources */,
			);
			runOnlyForDeploymentPostprocessing = 0;
		};
/* End PBXSourcesBuildPhase section */

/* Begin PBXTargetDependency section */
		B8E976F128FA4EAE005FEAB6 /* PBXTargetDependency */ = {
			isa = PBXTargetDependency;
			target = B8E976D828FA4EAC005FEAB6 /* ithaca sustainability */;
			targetProxy = B8E976F028FA4EAE005FEAB6 /* PBXContainerItemProxy */;
		};
		B8E976FB28FA4EAE005FEAB6 /* PBXTargetDependency */ = {
			isa = PBXTargetDependency;
			target = B8E976D828FA4EAC005FEAB6 /* ithaca sustainability */;
			targetProxy = B8E976FA28FA4EAE005FEAB6 /* PBXContainerItemProxy */;
		};
/* End PBXTargetDependency section */

/* Begin PBXVariantGroup section */
		B8E976E728FA4EAE005FEAB6 /* LaunchScreen.storyboard */ = {
			isa = PBXVariantGroup;
			children = (
				B8E976E828FA4EAE005FEAB6 /* Base */,
			);
			name = LaunchScreen.storyboard;
			sourceTree = "<group>";
		};
/* End PBXVariantGroup section */

/* Begin XCBuildConfiguration section */
		B8E9770128FA4EAE005FEAB6 /* Debug */ = {
			isa = XCBuildConfiguration;
			buildSettings = {
				ALWAYS_SEARCH_USER_PATHS = NO;
				CLANG_ANALYZER_NONNULL = YES;
				CLANG_ANALYZER_NUMBER_OBJECT_CONVERSION = YES_AGGRESSIVE;
				CLANG_CXX_LANGUAGE_STANDARD = "gnu++17";
				CLANG_CXX_LIBRARY = "libc++";
				CLANG_ENABLE_MODULES = YES;
				CLANG_ENABLE_OBJC_ARC = YES;
				CLANG_ENABLE_OBJC_WEAK = YES;
				CLANG_WARN_BLOCK_CAPTURE_AUTORELEASING = YES;
				CLANG_WARN_BOOL_CONVERSION = YES;
				CLANG_WARN_COMMA = YES;
				CLANG_WARN_CONSTANT_CONVERSION = YES;
				CLANG_WARN_DEPRECATED_OBJC_IMPLEMENTATIONS = YES;
				CLANG_WARN_DIRECT_OBJC_ISA_USAGE = YES_ERROR;
				CLANG_WARN_DOCUMENTATION_COMMENTS = YES;
				CLANG_WARN_EMPTY_BODY = YES;
				CLANG_WARN_ENUM_CONVERSION = YES;
				CLANG_WARN_INFINITE_RECURSION = YES;
				CLANG_WARN_INT_CONVERSION = YES;
				CLANG_WARN_NON_LITERAL_NULL_CONVERSION = YES;
				CLANG_WARN_OBJC_IMPLICIT_RETAIN_SELF = YES;
				CLANG_WARN_OBJC_LITERAL_CONVERSION = YES;
				CLANG_WARN_OBJC_ROOT_CLASS = YES_ERROR;
				CLANG_WARN_QUOTED_INCLUDE_IN_FRAMEWORK_HEADER = YES;
				CLANG_WARN_RANGE_LOOP_ANALYSIS = YES;
				CLANG_WARN_STRICT_PROTOTYPES = YES;
				CLANG_WARN_SUSPICIOUS_MOVE = YES;
				CLANG_WARN_UNGUARDED_AVAILABILITY = YES_AGGRESSIVE;
				CLANG_WARN_UNREACHABLE_CODE = YES;
				CLANG_WARN__DUPLICATE_METHOD_MATCH = YES;
				COPY_PHASE_STRIP = NO;
				DEBUG_INFORMATION_FORMAT = dwarf;
				ENABLE_STRICT_OBJC_MSGSEND = YES;
				ENABLE_TESTABILITY = YES;
				GCC_C_LANGUAGE_STANDARD = gnu11;
				GCC_DYNAMIC_NO_PIC = NO;
				GCC_NO_COMMON_BLOCKS = YES;
				GCC_OPTIMIZATION_LEVEL = 0;
				GCC_PREPROCESSOR_DEFINITIONS = (
					"DEBUG=1",
					"$(inherited)",
				);
				GCC_WARN_64_TO_32_BIT_CONVERSION = YES;
				GCC_WARN_ABOUT_RETURN_TYPE = YES_ERROR;
				GCC_WARN_UNDECLARED_SELECTOR = YES;
				GCC_WARN_UNINITIALIZED_AUTOS = YES_AGGRESSIVE;
				GCC_WARN_UNUSED_FUNCTION = YES;
				GCC_WARN_UNUSED_VARIABLE = YES;
				IPHONEOS_DEPLOYMENT_TARGET = 15.2;
				MTL_ENABLE_DEBUG_INFO = INCLUDE_SOURCE;
				MTL_FAST_MATH = YES;
				ONLY_ACTIVE_ARCH = YES;
				SDKROOT = iphoneos;
				SWIFT_ACTIVE_COMPILATION_CONDITIONS = DEBUG;
				SWIFT_OPTIMIZATION_LEVEL = "-Onone";
			};
			name = Debug;
		};
		B8E9770228FA4EAE005FEAB6 /* Release */ = {
			isa = XCBuildConfiguration;
			buildSettings = {
				ALWAYS_SEARCH_USER_PATHS = NO;
				CLANG_ANALYZER_NONNULL = YES;
				CLANG_ANALYZER_NUMBER_OBJECT_CONVERSION = YES_AGGRESSIVE;
				CLANG_CXX_LANGUAGE_STANDARD = "gnu++17";
				CLANG_CXX_LIBRARY = "libc++";
				CLANG_ENABLE_MODULES = YES;
				CLANG_ENABLE_OBJC_ARC = YES;
				CLANG_ENABLE_OBJC_WEAK = YES;
				CLANG_WARN_BLOCK_CAPTURE_AUTORELEASING = YES;
				CLANG_WARN_BOOL_CONVERSION = YES;
				CLANG_WARN_COMMA = YES;
				CLANG_WARN_CONSTANT_CONVERSION = YES;
				CLANG_WARN_DEPRECATED_OBJC_IMPLEMENTATIONS = YES;
				CLANG_WARN_DIRECT_OBJC_ISA_USAGE = YES_ERROR;
				CLANG_WARN_DOCUMENTATION_COMMENTS = YES;
				CLANG_WARN_EMPTY_BODY = YES;
				CLANG_WARN_ENUM_CONVERSION = YES;
				CLANG_WARN_INFINITE_RECURSION = YES;
				CLANG_WARN_INT_CONVERSION = YES;
				CLANG_WARN_NON_LITERAL_NULL_CONVERSION = YES;
				CLANG_WARN_OBJC_IMPLICIT_RETAIN_SELF = YES;
				CLANG_WARN_OBJC_LITERAL_CONVERSION = YES;
				CLANG_WARN_OBJC_ROOT_CLASS = YES_ERROR;
				CLANG_WARN_QUOTED_INCLUDE_IN_FRAMEWORK_HEADER = YES;
				CLANG_WARN_RANGE_LOOP_ANALYSIS = YES;
				CLANG_WARN_STRICT_PROTOTYPES = YES;
				CLANG_WARN_SUSPICIOUS_MOVE = YES;
				CLANG_WARN_UNGUARDED_AVAILABILITY = YES_AGGRESSIVE;
				CLANG_WARN_UNREACHABLE_CODE = YES;
				CLANG_WARN__DUPLICATE_METHOD_MATCH = YES;
				COPY_PHASE_STRIP = NO;
				DEBUG_INFORMATION_FORMAT = "dwarf-with-dsym";
				ENABLE_NS_ASSERTIONS = NO;
				ENABLE_STRICT_OBJC_MSGSEND = YES;
				GCC_C_LANGUAGE_STANDARD = gnu11;
				GCC_NO_COMMON_BLOCKS = YES;
				GCC_WARN_64_TO_32_BIT_CONVERSION = YES;
				GCC_WARN_ABOUT_RETURN_TYPE = YES_ERROR;
				GCC_WARN_UNDECLARED_SELECTOR = YES;
				GCC_WARN_UNINITIALIZED_AUTOS = YES_AGGRESSIVE;
				GCC_WARN_UNUSED_FUNCTION = YES;
				GCC_WARN_UNUSED_VARIABLE = YES;
				IPHONEOS_DEPLOYMENT_TARGET = 15.2;
				MTL_ENABLE_DEBUG_INFO = NO;
				MTL_FAST_MATH = YES;
				SDKROOT = iphoneos;
				SWIFT_COMPILATION_MODE = wholemodule;
				SWIFT_OPTIMIZATION_LEVEL = "-O";
				VALIDATE_PRODUCT = YES;
			};
			name = Release;
		};
		B8E9770428FA4EAE005FEAB6 /* Debug */ = {
			isa = XCBuildConfiguration;
			buildSettings = {
				ASSETCATALOG_COMPILER_APPICON_NAME = AppIcon;
				ASSETCATALOG_COMPILER_GLOBAL_ACCENT_COLOR_NAME = AccentColor;
				CODE_SIGN_STYLE = Automatic;
				CURRENT_PROJECT_VERSION = 1;
				GENERATE_INFOPLIST_FILE = YES;
				INFOPLIST_FILE = "ithaca sustainability/Info.plist";
				INFOPLIST_KEY_UIApplicationSupportsIndirectInputEvents = YES;
				INFOPLIST_KEY_UILaunchStoryboardName = LaunchScreen;
				INFOPLIST_KEY_UIMainStoryboardFile = LaunchScreen;
				INFOPLIST_KEY_UISupportedInterfaceOrientations_iPad = "UIInterfaceOrientationPortrait UIInterfaceOrientationPortraitUpsideDown UIInterfaceOrientationLandscapeLeft UIInterfaceOrientationLandscapeRight";
				INFOPLIST_KEY_UISupportedInterfaceOrientations_iPhone = "UIInterfaceOrientationPortrait UIInterfaceOrientationLandscapeLeft UIInterfaceOrientationLandscapeRight";
				LD_RUNPATH_SEARCH_PATHS = (
					"$(inherited)",
					"@executable_path/Frameworks",
				);
				MARKETING_VERSION = 1.0;
				PRODUCT_BUNDLE_IDENTIFIER = "annesh0.ithaca-sustainability";
				PRODUCT_NAME = "$(TARGET_NAME)";
				SWIFT_EMIT_LOC_STRINGS = YES;
				SWIFT_VERSION = 5.0;
				TARGETED_DEVICE_FAMILY = "1,2";
			};
			name = Debug;
		};
		B8E9770528FA4EAE005FEAB6 /* Release */ = {
			isa = XCBuildConfiguration;
			buildSettings = {
				ASSETCATALOG_COMPILER_APPICON_NAME = AppIcon;
				ASSETCATALOG_COMPILER_GLOBAL_ACCENT_COLOR_NAME = AccentColor;
				CODE_SIGN_STYLE = Automatic;
				CURRENT_PROJECT_VERSION = 1;
				GENERATE_INFOPLIST_FILE = YES;
				INFOPLIST_FILE = "ithaca sustainability/Info.plist";
				INFOPLIST_KEY_UIApplicationSupportsIndirectInputEvents = YES;
				INFOPLIST_KEY_UILaunchStoryboardName = LaunchScreen;
				INFOPLIST_KEY_UIMainStoryboardFile = LaunchScreen;
				INFOPLIST_KEY_UISupportedInterfaceOrientations_iPad = "UIInterfaceOrientationPortrait UIInterfaceOrientationPortraitUpsideDown UIInterfaceOrientationLandscapeLeft UIInterfaceOrientationLandscapeRight";
				INFOPLIST_KEY_UISupportedInterfaceOrientations_iPhone = "UIInterfaceOrientationPortrait UIInterfaceOrientationLandscapeLeft UIInterfaceOrientationLandscapeRight";
				LD_RUNPATH_SEARCH_PATHS = (
					"$(inherited)",
					"@executable_path/Frameworks",
				);
				MARKETING_VERSION = 1.0;
				PRODUCT_BUNDLE_IDENTIFIER = "annesh0.ithaca-sustainability";
				PRODUCT_NAME = "$(TARGET_NAME)";
				SWIFT_EMIT_LOC_STRINGS = YES;
				SWIFT_VERSION = 5.0;
				TARGETED_DEVICE_FAMILY = "1,2";
			};
			name = Release;
		};
		B8E9770728FA4EAE005FEAB6 /* Debug */ = {
			isa = XCBuildConfiguration;
			buildSettings = {
				ALWAYS_EMBED_SWIFT_STANDARD_LIBRARIES = YES;
				BUNDLE_LOADER = "$(TEST_HOST)";
				CODE_SIGN_STYLE = Automatic;
				CURRENT_PROJECT_VERSION = 1;
				GENERATE_INFOPLIST_FILE = YES;
				IPHONEOS_DEPLOYMENT_TARGET = 15.2;
				MARKETING_VERSION = 1.0;
				PRODUCT_BUNDLE_IDENTIFIER = "annesh0.ithaca-sustainabilityTests";
				PRODUCT_NAME = "$(TARGET_NAME)";
				SWIFT_EMIT_LOC_STRINGS = NO;
				SWIFT_VERSION = 5.0;
				TARGETED_DEVICE_FAMILY = "1,2";
				TEST_HOST = "$(BUILT_PRODUCTS_DIR)/ithaca sustainability.app/ithaca sustainability";
			};
			name = Debug;
		};
		B8E9770828FA4EAE005FEAB6 /* Release */ = {
			isa = XCBuildConfiguration;
			buildSettings = {
				ALWAYS_EMBED_SWIFT_STANDARD_LIBRARIES = YES;
				BUNDLE_LOADER = "$(TEST_HOST)";
				CODE_SIGN_STYLE = Automatic;
				CURRENT_PROJECT_VERSION = 1;
				GENERATE_INFOPLIST_FILE = YES;
				IPHONEOS_DEPLOYMENT_TARGET = 15.2;
				MARKETING_VERSION = 1.0;
				PRODUCT_BUNDLE_IDENTIFIER = "annesh0.ithaca-sustainabilityTests";
				PRODUCT_NAME = "$(TARGET_NAME)";
				SWIFT_EMIT_LOC_STRINGS = NO;
				SWIFT_VERSION = 5.0;
				TARGETED_DEVICE_FAMILY = "1,2";
				TEST_HOST = "$(BUILT_PRODUCTS_DIR)/ithaca sustainability.app/ithaca sustainability";
			};
			name = Release;
		};
		B8E9770A28FA4EAE005FEAB6 /* Debug */ = {
			isa = XCBuildConfiguration;
			buildSettings = {
				ALWAYS_EMBED_SWIFT_STANDARD_LIBRARIES = YES;
				CODE_SIGN_STYLE = Automatic;
				CURRENT_PROJECT_VERSION = 1;
				GENERATE_INFOPLIST_FILE = YES;
				MARKETING_VERSION = 1.0;
				PRODUCT_BUNDLE_IDENTIFIER = "annesh0.ithaca-sustainabilityUITests";
				PRODUCT_NAME = "$(TARGET_NAME)";
				SWIFT_EMIT_LOC_STRINGS = NO;
				SWIFT_VERSION = 5.0;
				TARGETED_DEVICE_FAMILY = "1,2";
				TEST_TARGET_NAME = "ithaca sustainability";
			};
			name = Debug;
		};
		B8E9770B28FA4EAE005FEAB6 /* Release */ = {
			isa = XCBuildConfiguration;
			buildSettings = {
				ALWAYS_EMBED_SWIFT_STANDARD_LIBRARIES = YES;
				CODE_SIGN_STYLE = Automatic;
				CURRENT_PROJECT_VERSION = 1;
				GENERATE_INFOPLIST_FILE = YES;
				MARKETING_VERSION = 1.0;
				PRODUCT_BUNDLE_IDENTIFIER = "annesh0.ithaca-sustainabilityUITests";
				PRODUCT_NAME = "$(TARGET_NAME)";
				SWIFT_EMIT_LOC_STRINGS = NO;
				SWIFT_VERSION = 5.0;
				TARGETED_DEVICE_FAMILY = "1,2";
				TEST_TARGET_NAME = "ithaca sustainability";
			};
			name = Release;
		};
/* End XCBuildConfiguration section */

/* Begin XCConfigurationList section */
		B8E976D428FA4EAC005FEAB6 /* Build configuration list for PBXProject "ithaca sustainability" */ = {
			isa = XCConfigurationList;
			buildConfigurations = (
				B8E9770128FA4EAE005FEAB6 /* Debug */,
				B8E9770228FA4EAE005FEAB6 /* Release */,
			);
			defaultConfigurationIsVisible = 0;
			defaultConfigurationName = Release;
		};
		B8E9770328FA4EAE005FEAB6 /* Build configuration list for PBXNativeTarget "ithaca sustainability" */ = {
			isa = XCConfigurationList;
			buildConfigurations = (
				B8E9770428FA4EAE005FEAB6 /* Debug */,
				B8E9770528FA4EAE005FEAB6 /* Release */,
			);
			defaultConfigurationIsVisible = 0;
			defaultConfigurationName = Release;
		};
		B8E9770628FA4EAE005FEAB6 /* Build configuration list for PBXNativeTarget "ithaca sustainabilityTests" */ = {
			isa = XCConfigurationList;
			buildConfigurations = (
				B8E9770728FA4EAE005FEAB6 /* Debug */,
				B8E9770828FA4EAE005FEAB6 /* Release */,
			);
			defaultConfigurationIsVisible = 0;
			defaultConfigurationName = Release;
		};
		B8E9770928FA4EAE005FEAB6 /* Build configuration list for PBXNativeTarget "ithaca sustainabilityUITests" */ = {
			isa = XCConfigurationList;
			buildConfigurations = (
				B8E9770A28FA4EAE005FEAB6 /* Debug */,
				B8E9770B28FA4EAE005FEAB6 /* Release */,
			);
			defaultConfigurationIsVisible = 0;
			defaultConfigurationName = Release;
		};
/* End XCConfigurationList section */
	};
	rootObject = B8E976D128FA4EAC005FEAB6 /* Project object */;
}
